
Microsoft Visual Studio Solution File, Format Version 12.00
# Visual Studio 15
VisualStudioVersion = 15.0.27004.2002
MinimumVisualStudioVersion = 10.0.40219.1
Project("{FAE04EC0-301F-11D3-BF4B-00C04F79EFBC}") = "DUMASS Uploader", "DUMASS Uploader\DUMASS Uploader.csproj", "{A99FB08F-DA15-4643-A2A7-D9CF175478BC}"
EndProject
Global
	GlobalSection(SolutionConfigurationPlatforms) = preSolution
		Debug|Any CPU = Debug|Any CPU
		Release|Any CPU = Release|Any CPU
	EndGlobalSection
	GlobalSection(ProjectConfigurationPlatforms) = postSolution
		{A99FB08F-DA15-4643-A2A7-D9CF175478BC}.Debug|Any CPU.ActiveCfg = Debug|Any CPU
		{A99FB08F-DA15-4643-A2A7-D9CF175478BC}.Debug|Any CPU.Build.0 = Debug|Any CPU
		{A99FB08F-DA15-4643-A2A7-D9CF175478BC}.Release|Any CPU.ActiveCfg = Release|Any CPU
		{A99FB08F-DA15-4643-A2A7-D9CF175478BC}.Release|Any CPU.Build.0 = Release|Any CPU
	EndGlobalSection
	GlobalSection(SolutionProperties) = preSolution
		HideSolutionNode = FALSE
	EndGlobalSection
	GlobalSection(ExtensibilityGlobals) = postSolution
		SolutionGuid = {CED127EB-A70A-4A70-8DBE-45D65965D01D}
	EndGlobalSection
EndGlobal
